
Microsoft Visual Studio Solution File, Format Version 12.00
# Visual Studio Version 17
VisualStudioVersion = 17.13.35825.156 d17.13
MinimumVisualStudioVersion = 10.0.40219.1
Project("{FAE04EC0-301F-11D3-BF4B-00C04F79EFBC}") = "ConsoleApp5", "ConsoleApp5\ConsoleApp5.csproj", "{4AC54938-1135-4921-8D8B-0D483830FA33}"
EndProject
Global
	GlobalSection(SolutionConfigurationPlatforms) = preSolution
		Debug|Any CPU = Debug|Any CPU
		Release|Any CPU = Release|Any CPU
	EndGlobalSection
	GlobalSection(ProjectConfigurationPlatforms) = postSolution
		{4AC54938-1135-4921-8D8B-0D483830FA33}.Debug|Any CPU.ActiveCfg = Debug|Any CPU
		{4AC54938-1135-4921-8D8B-0D483830FA33}.Debug|Any CPU.Build.0 = Debug|Any CPU
		{4AC54938-1135-4921-8D8B-0D483830FA33}.Release|Any CPU.ActiveCfg = Release|Any CPU
		{4AC54938-1135-4921-8D8B-0D483830FA33}.Release|Any CPU.Build.0 = Release|Any CPU
	EndGlobalSection
	GlobalSection(SolutionProperties) = preSolution
		HideSolutionNode = FALSE
	EndGlobalSection
	GlobalSection(ExtensibilityGlobals) = postSolution
		SolutionGuid = {21F99400-A394-4DD8-8D86-1A1D3047E669}
	EndGlobalSection
EndGlobal
